// !$*UTF8*$!
{
	archiveVersion = 1;
	classes = {
	};
	objectVersion = 46;
	objects = {

/* Begin PBXBuildFile section */
		421BDC84194EFA8E001D0F45 /* iMobileDevice.framework in Frameworks */ = {isa = PBXBuildFile; fileRef = 421BDC7F194EFA38001D0F45 /* iMobileDevice.framework */; };
		425CC985194BBB99007D175B /* VLNMobileDeviceConnectorTests.swift in Sources */ = {isa = PBXBuildFile; fileRef = 42ADB6DE194B91F000FEB686 /* VLNMobileDeviceConnectorTests.swift */; };
		425CC986194BBBB2007D175B /* VLNMobileDeviceConnector.swift in Sources */ = {isa = PBXBuildFile; fileRef = 42ADB6DA194B84F900FEB686 /* VLNMobileDeviceConnector.swift */; };
		42AD070F19461AD900CE37D4 /* MainWindow.swift in Sources */ = {isa = PBXBuildFile; fileRef = 42AD070E19461AD900CE37D4 /* MainWindow.swift */; };
		42ADB6DB194B84F900FEB686 /* VLNMobileDeviceConnector.swift in Sources */ = {isa = PBXBuildFile; fileRef = 42ADB6DA194B84F900FEB686 /* VLNMobileDeviceConnector.swift */; };
		42ADB6DD194B91DB00FEB686 /* VLNMobileDeviceSimulator.swift in Sources */ = {isa = PBXBuildFile; fileRef = 42ADB6DC194B91DB00FEB686 /* VLNMobileDeviceSimulator.swift */; };
		42ADB6E1194B946600FEB686 /* VLNMobileDeviceSimulator.swift in Sources */ = {isa = PBXBuildFile; fileRef = 42ADB6DC194B91DB00FEB686 /* VLNMobileDeviceSimulator.swift */; };
		42ADB6E3194B986E00FEB686 /* VLNMobileDeviceSimulatorTests.swift in Sources */ = {isa = PBXBuildFile; fileRef = 42ADB6E2194B986E00FEB686 /* VLNMobileDeviceSimulatorTests.swift */; };
		42B9599D19450052005E11F1 /* main.swift in Sources */ = {isa = PBXBuildFile; fileRef = 42B9599C19450052005E11F1 /* main.swift */; };
		42B9599F19450052005E11F1 /* AppDelegate.swift in Sources */ = {isa = PBXBuildFile; fileRef = 42B9599E19450052005E11F1 /* AppDelegate.swift */; };
		42B959A219450052005E11F1 /* Springclean.xcdatamodeld in Sources */ = {isa = PBXBuildFile; fileRef = 42B959A019450052005E11F1 /* Springclean.xcdatamodeld */; };
		42B959A419450052005E11F1 /* Images.xcassets in Resources */ = {isa = PBXBuildFile; fileRef = 42B959A319450052005E11F1 /* Images.xcassets */; };
		42B959A719450052005E11F1 /* MainMenu.xib in Resources */ = {isa = PBXBuildFile; fileRef = 42B959A519450052005E11F1 /* MainMenu.xib */; };
		42B959B319450052005E11F1 /* SpringcleanTests.swift in Sources */ = {isa = PBXBuildFile; fileRef = 42B959B219450052005E11F1 /* SpringcleanTests.swift */; };
		42CE0A21194BAE4600951DD9 /* VLNCocoaMobileDeviceExtensions.swift in Sources */ = {isa = PBXBuildFile; fileRef = 42CE0A20194BAE4600951DD9 /* VLNCocoaMobileDeviceExtensions.swift */; };
		42D18D44194B417D008BFFAD /* VLNDevice.swift in Sources */ = {isa = PBXBuildFile; fileRef = 42D18D38194B417D008BFFAD /* VLNDevice.swift */; };
		42D18D46194B417D008BFFAD /* VLNConnectView.swift in Sources */ = {isa = PBXBuildFile; fileRef = 42D18D3D194B417D008BFFAD /* VLNConnectView.swift */; };
		42D18D47194B417D008BFFAD /* VLNConnectView.xib in Resources */ = {isa = PBXBuildFile; fileRef = 42D18D3E194B417D008BFFAD /* VLNConnectView.xib */; };
		42D18D48194B417D008BFFAD /* VLNDeviceSelectionView.swift in Sources */ = {isa = PBXBuildFile; fileRef = 42D18D40194B417D008BFFAD /* VLNDeviceSelectionView.swift */; };
		42D18D49194B417D008BFFAD /* VLNDeviceSelectionView.xib in Resources */ = {isa = PBXBuildFile; fileRef = 42D18D41194B417D008BFFAD /* VLNDeviceSelectionView.xib */; };
		42D18D4A194B417D008BFFAD /* VLNSpringboardContainer.swift in Sources */ = {isa = PBXBuildFile; fileRef = 42D18D43194B417D008BFFAD /* VLNSpringboardContainer.swift */; };
		42D18D4C194B46FB008BFFAD /* VLNDeviceTests.swift in Sources */ = {isa = PBXBuildFile; fileRef = 42D18D4B194B46FB008BFFAD /* VLNDeviceTests.swift */; };
		42D18D4D194B473E008BFFAD /* VLNDevice.swift in Sources */ = {isa = PBXBuildFile; fileRef = 42D18D38194B417D008BFFAD /* VLNDevice.swift */; };
		42D18D50194B4EBB008BFFAD /* VLNDeviceManager.swift in Sources */ = {isa = PBXBuildFile; fileRef = 42D18D4F194B4EBB008BFFAD /* VLNDeviceManager.swift */; };
		42D18D52194B4F3C008BFFAD /* VLNDeviceManagerTests.swift in Sources */ = {isa = PBXBuildFile; fileRef = 42D18D51194B4F3C008BFFAD /* VLNDeviceManagerTests.swift */; };
		42D18D55194B585D008BFFAD /* VLNDeviceManager.swift in Sources */ = {isa = PBXBuildFile; fileRef = 42D18D4F194B4EBB008BFFAD /* VLNDeviceManager.swift */; };
/* End PBXBuildFile section */

/* Begin PBXContainerItemProxy section */
		421BDC7E194EFA38001D0F45 /* PBXContainerItemProxy */ = {
			isa = PBXContainerItemProxy;
			containerPortal = 421BDC79194EFA37001D0F45 /* iMobileDevice.xcodeproj */;
			proxyType = 2;
			remoteGlobalIDString = 425CC9D4194CB1A0007D175B;
			remoteInfo = iMobileDevice;
		};
		421BDC80194EFA38001D0F45 /* PBXContainerItemProxy */ = {
			isa = PBXContainerItemProxy;
			containerPortal = 421BDC79194EFA37001D0F45 /* iMobileDevice.xcodeproj */;
			proxyType = 2;
			remoteGlobalIDString = 42E4E317194CC1D500634F1B;
			remoteInfo = iMobileTestApp;
		};
		421BDC82194EFA87001D0F45 /* PBXContainerItemProxy */ = {
			isa = PBXContainerItemProxy;
			containerPortal = 421BDC79194EFA37001D0F45 /* iMobileDevice.xcodeproj */;
			proxyType = 1;
			remoteGlobalIDString = 425CC9D3194CB1A0007D175B;
			remoteInfo = iMobileDevice;
		};
		42B959AD19450052005E11F1 /* PBXContainerItemProxy */ = {
			isa = PBXContainerItemProxy;
			containerPortal = 42B9598F19450052005E11F1 /* Project object */;
			proxyType = 1;
			remoteGlobalIDString = 42B9599619450052005E11F1;
			remoteInfo = Springclean;
		};
/* End PBXContainerItemProxy section */

/* Begin PBXCopyFilesBuildPhase section */
		42B959F11945273E005E11F1 /* CopyFiles */ = {
			isa = PBXCopyFilesBuildPhase;
			buildActionMask = 2147483647;
			dstPath = "";
			dstSubfolderSpec = 10;
			files = (
			);
			runOnlyForDeploymentPostprocessing = 0;
		};
/* End PBXCopyFilesBuildPhase section */

/* Begin PBXFileReference section */
		421BDC79194EFA37001D0F45 /* iMobileDevice.xcodeproj */ = {isa = PBXFileReference; lastKnownFileType = "wrapper.pb-project"; name = iMobileDevice.xcodeproj; path = "../../Open-Source/iMobileDevice/iMobileDevice.xcodeproj"; sourceTree = "<group>"; };
		42AD070E19461AD900CE37D4 /* MainWindow.swift */ = {isa = PBXFileReference; fileEncoding = 4; lastKnownFileType = sourcecode.swift; path = MainWindow.swift; sourceTree = "<group>"; };
		42ADB6DA194B84F900FEB686 /* VLNMobileDeviceConnector.swift */ = {isa = PBXFileReference; fileEncoding = 4; lastKnownFileType = sourcecode.swift; path = VLNMobileDeviceConnector.swift; sourceTree = "<group>"; };
		42ADB6DC194B91DB00FEB686 /* VLNMobileDeviceSimulator.swift */ = {isa = PBXFileReference; fileEncoding = 4; lastKnownFileType = sourcecode.swift; path = VLNMobileDeviceSimulator.swift; sourceTree = "<group>"; };
		42ADB6DE194B91F000FEB686 /* VLNMobileDeviceConnectorTests.swift */ = {isa = PBXFileReference; fileEncoding = 4; lastKnownFileType = sourcecode.swift; path = VLNMobileDeviceConnectorTests.swift; sourceTree = "<group>"; };
		42ADB6E2194B986E00FEB686 /* VLNMobileDeviceSimulatorTests.swift */ = {isa = PBXFileReference; fileEncoding = 4; lastKnownFileType = sourcecode.swift; path = VLNMobileDeviceSimulatorTests.swift; sourceTree = "<group>"; };
		42B9599719450052005E11F1 /* Springclean.app */ = {isa = PBXFileReference; explicitFileType = wrapper.application; includeInIndex = 0; path = Springclean.app; sourceTree = BUILT_PRODUCTS_DIR; };
		42B9599B19450052005E11F1 /* Info.plist */ = {isa = PBXFileReference; lastKnownFileType = text.plist.xml; path = Info.plist; sourceTree = "<group>"; };
		42B9599C19450052005E11F1 /* main.swift */ = {isa = PBXFileReference; lastKnownFileType = sourcecode.swift; path = main.swift; sourceTree = "<group>"; };
		42B9599E19450052005E11F1 /* AppDelegate.swift */ = {isa = PBXFileReference; lastKnownFileType = sourcecode.swift; path = AppDelegate.swift; sourceTree = "<group>"; };
		42B959A119450052005E11F1 /* Springclean.xcdatamodel */ = {isa = PBXFileReference; lastKnownFileType = wrapper.xcdatamodel; path = Springclean.xcdatamodel; sourceTree = "<group>"; };
		42B959A319450052005E11F1 /* Images.xcassets */ = {isa = PBXFileReference; lastKnownFileType = folder.assetcatalog; path = Images.xcassets; sourceTree = "<group>"; };
		42B959A619450052005E11F1 /* Base */ = {isa = PBXFileReference; lastKnownFileType = file.xib; name = Base; path = Base.lproj/MainMenu.xib; sourceTree = "<group>"; };
		42B959AC19450052005E11F1 /* SpringcleanTests.xctest */ = {isa = PBXFileReference; explicitFileType = wrapper.cfbundle; includeInIndex = 0; path = SpringcleanTests.xctest; sourceTree = BUILT_PRODUCTS_DIR; };
		42B959B119450052005E11F1 /* Info.plist */ = {isa = PBXFileReference; lastKnownFileType = text.plist.xml; path = Info.plist; sourceTree = "<group>"; };
		42B959B219450052005E11F1 /* SpringcleanTests.swift */ = {isa = PBXFileReference; lastKnownFileType = sourcecode.swift; path = SpringcleanTests.swift; sourceTree = "<group>"; };
		42B959E91945212E005E11F1 /* Springclean-Bridging-Header.h */ = {isa = PBXFileReference; lastKnownFileType = sourcecode.c.h; path = "Springclean-Bridging-Header.h"; sourceTree = "<group>"; };
		42CE0A20194BAE4600951DD9 /* VLNCocoaMobileDeviceExtensions.swift */ = {isa = PBXFileReference; fileEncoding = 4; lastKnownFileType = sourcecode.swift; path = VLNCocoaMobileDeviceExtensions.swift; sourceTree = "<group>"; };
		42D18D38194B417D008BFFAD /* VLNDevice.swift */ = {isa = PBXFileReference; fileEncoding = 4; lastKnownFileType = sourcecode.swift; path = VLNDevice.swift; sourceTree = "<group>"; };
		42D18D3D194B417D008BFFAD /* VLNConnectView.swift */ = {isa = PBXFileReference; fileEncoding = 4; lastKnownFileType = sourcecode.swift; path = VLNConnectView.swift; sourceTree = "<group>"; };
		42D18D3E194B417D008BFFAD /* VLNConnectView.xib */ = {isa = PBXFileReference; fileEncoding = 4; lastKnownFileType = file.xib; path = VLNConnectView.xib; sourceTree = "<group>"; };
		42D18D40194B417D008BFFAD /* VLNDeviceSelectionView.swift */ = {isa = PBXFileReference; fileEncoding = 4; lastKnownFileType = sourcecode.swift; path = VLNDeviceSelectionView.swift; sourceTree = "<group>"; };
		42D18D41194B417D008BFFAD /* VLNDeviceSelectionView.xib */ = {isa = PBXFileReference; fileEncoding = 4; lastKnownFileType = file.xib; path = VLNDeviceSelectionView.xib; sourceTree = "<group>"; };
		42D18D43194B417D008BFFAD /* VLNSpringboardContainer.swift */ = {isa = PBXFileReference; fileEncoding = 4; lastKnownFileType = sourcecode.swift; path = VLNSpringboardContainer.swift; sourceTree = "<group>"; };
		42D18D4B194B46FB008BFFAD /* VLNDeviceTests.swift */ = {isa = PBXFileReference; fileEncoding = 4; lastKnownFileType = sourcecode.swift; path = VLNDeviceTests.swift; sourceTree = "<group>"; };
		42D18D4F194B4EBB008BFFAD /* VLNDeviceManager.swift */ = {isa = PBXFileReference; fileEncoding = 4; lastKnownFileType = sourcecode.swift; path = VLNDeviceManager.swift; sourceTree = "<group>"; };
		42D18D51194B4F3C008BFFAD /* VLNDeviceManagerTests.swift */ = {isa = PBXFileReference; fileEncoding = 4; lastKnownFileType = sourcecode.swift; path = VLNDeviceManagerTests.swift; sourceTree = "<group>"; };
/* End PBXFileReference section */

/* Begin PBXFrameworksBuildPhase section */
		42B9599419450052005E11F1 /* Frameworks */ = {
			isa = PBXFrameworksBuildPhase;
			buildActionMask = 2147483647;
			files = (
				421BDC84194EFA8E001D0F45 /* iMobileDevice.framework in Frameworks */,
			);
			runOnlyForDeploymentPostprocessing = 0;
		};
		42B959A919450052005E11F1 /* Frameworks */ = {
			isa = PBXFrameworksBuildPhase;
			buildActionMask = 2147483647;
			files = (
			);
			runOnlyForDeploymentPostprocessing = 0;
		};
/* End PBXFrameworksBuildPhase section */

/* Begin PBXGroup section */
		421BDC7A194EFA37001D0F45 /* Products */ = {
			isa = PBXGroup;
			children = (
				421BDC7F194EFA38001D0F45 /* iMobileDevice.framework */,
				421BDC81194EFA38001D0F45 /* iMobileTestApp.app */,
			);
			name = Products;
			sourceTree = "<group>";
		};
		42ADB6D9194B84F900FEB686 /* MobileDevice */ = {
			isa = PBXGroup;
			children = (
				42ADB6DA194B84F900FEB686 /* VLNMobileDeviceConnector.swift */,
				42ADB6DC194B91DB00FEB686 /* VLNMobileDeviceSimulator.swift */,
				42CE0A20194BAE4600951DD9 /* VLNCocoaMobileDeviceExtensions.swift */,
			);
			path = MobileDevice;
			sourceTree = "<group>";
		};
		42B9598E19450052005E11F1 = {
			isa = PBXGroup;
			children = (
				421BDC79194EFA37001D0F45 /* iMobileDevice.xcodeproj */,
				42B9599919450052005E11F1 /* Springclean */,
				42B959AF19450052005E11F1 /* SpringcleanTests */,
				42B9599819450052005E11F1 /* Products */,
			);
			sourceTree = "<group>";
		};
		42B9599819450052005E11F1 /* Products */ = {
			isa = PBXGroup;
			children = (
				42B9599719450052005E11F1 /* Springclean.app */,
				42B959AC19450052005E11F1 /* SpringcleanTests.xctest */,
			);
			name = Products;
			sourceTree = "<group>";
		};
		42B9599919450052005E11F1 /* Springclean */ = {
			isa = PBXGroup;
			children = (
				42ADB6D9194B84F900FEB686 /* MobileDevice */,
				42D18D37194B417D008BFFAD /* Model */,
				42D18D3A194B417D008BFFAD /* ViewControllers */,
				42D18D3B194B417D008BFFAD /* Views */,
				42B9599E19450052005E11F1 /* AppDelegate.swift */,
				42AD070E19461AD900CE37D4 /* MainWindow.swift */,
				42B959A319450052005E11F1 /* Images.xcassets */,
				42B9599A19450052005E11F1 /* Supporting Files */,
				42B959E91945212E005E11F1 /* Springclean-Bridging-Header.h */,
			);
			path = Springclean;
			sourceTree = "<group>";
		};
		42B9599A19450052005E11F1 /* Supporting Files */ = {
			isa = PBXGroup;
			children = (
				42B959A519450052005E11F1 /* MainMenu.xib */,
				42B959A019450052005E11F1 /* Springclean.xcdatamodeld */,
				42B9599B19450052005E11F1 /* Info.plist */,
				42B9599C19450052005E11F1 /* main.swift */,
			);
			name = "Supporting Files";
			sourceTree = "<group>";
		};
		42B959AF19450052005E11F1 /* SpringcleanTests */ = {
			isa = PBXGroup;
			children = (
				42B959B219450052005E11F1 /* SpringcleanTests.swift */,
				42D18D4B194B46FB008BFFAD /* VLNDeviceTests.swift */,
				42D18D51194B4F3C008BFFAD /* VLNDeviceManagerTests.swift */,
				42ADB6E2194B986E00FEB686 /* VLNMobileDeviceSimulatorTests.swift */,
				42ADB6DE194B91F000FEB686 /* VLNMobileDeviceConnectorTests.swift */,
				42B959B019450052005E11F1 /* Supporting Files */,
			);
			path = SpringcleanTests;
			sourceTree = "<group>";
		};
		42B959B019450052005E11F1 /* Supporting Files */ = {
			isa = PBXGroup;
			children = (
				42B959B119450052005E11F1 /* Info.plist */,
			);
			name = "Supporting Files";
			sourceTree = "<group>";
		};
		42D18D37194B417D008BFFAD /* Model */ = {
			isa = PBXGroup;
			children = (
				42D18D38194B417D008BFFAD /* VLNDevice.swift */,
				42D18D4F194B4EBB008BFFAD /* VLNDeviceManager.swift */,
			);
			path = Model;
			sourceTree = "<group>";
		};
		42D18D3A194B417D008BFFAD /* ViewControllers */ = {
			isa = PBXGroup;
			children = (
			);
			path = ViewControllers;
			sourceTree = "<group>";
		};
		42D18D3B194B417D008BFFAD /* Views */ = {
			isa = PBXGroup;
			children = (
				42D18D3C194B417D008BFFAD /* ConnectView */,
				42D18D3F194B417D008BFFAD /* DeviceSelectionView */,
				42D18D42194B417D008BFFAD /* Springboard */,
			);
			path = Views;
			sourceTree = "<group>";
		};
		42D18D3C194B417D008BFFAD /* ConnectView */ = {
			isa = PBXGroup;
			children = (
				42D18D3D194B417D008BFFAD /* VLNConnectView.swift */,
				42D18D3E194B417D008BFFAD /* VLNConnectView.xib */,
			);
			path = ConnectView;
			sourceTree = "<group>";
		};
		42D18D3F194B417D008BFFAD /* DeviceSelectionView */ = {
			isa = PBXGroup;
			children = (
				42D18D40194B417D008BFFAD /* VLNDeviceSelectionView.swift */,
				42D18D41194B417D008BFFAD /* VLNDeviceSelectionView.xib */,
			);
			path = DeviceSelectionView;
			sourceTree = "<group>";
		};
		42D18D42194B417D008BFFAD /* Springboard */ = {
			isa = PBXGroup;
			children = (
				42D18D43194B417D008BFFAD /* VLNSpringboardContainer.swift */,
			);
			path = Springboard;
			sourceTree = "<group>";
		};
/* End PBXGroup section */

/* Begin PBXNativeTarget section */
		42B9599619450052005E11F1 /* Springclean */ = {
			isa = PBXNativeTarget;
			buildConfigurationList = 42B959B619450052005E11F1 /* Build configuration list for PBXNativeTarget "Springclean" */;
			buildPhases = (
				42B9599319450052005E11F1 /* Sources */,
				42B9599419450052005E11F1 /* Frameworks */,
				42B9599519450052005E11F1 /* Resources */,
				42B959F11945273E005E11F1 /* CopyFiles */,
			);
			buildRules = (
			);
			dependencies = (
				421BDC83194EFA87001D0F45 /* PBXTargetDependency */,
			);
			name = Springclean;
			productName = Springclean;
			productReference = 42B9599719450052005E11F1 /* Springclean.app */;
			productType = "com.apple.product-type.application";
		};
		42B959AB19450052005E11F1 /* SpringcleanTests */ = {
			isa = PBXNativeTarget;
			buildConfigurationList = 42B959B919450052005E11F1 /* Build configuration list for PBXNativeTarget "SpringcleanTests" */;
			buildPhases = (
				42B959A819450052005E11F1 /* Sources */,
				42B959A919450052005E11F1 /* Frameworks */,
				42B959AA19450052005E11F1 /* Resources */,
			);
			buildRules = (
			);
			dependencies = (
				42B959AE19450052005E11F1 /* PBXTargetDependency */,
			);
			name = SpringcleanTests;
			productName = SpringcleanTests;
			productReference = 42B959AC19450052005E11F1 /* SpringcleanTests.xctest */;
			productType = "com.apple.product-type.bundle.unit-test";
		};
/* End PBXNativeTarget section */

/* Begin PBXProject section */
		42B9598F19450052005E11F1 /* Project object */ = {
			isa = PBXProject;
			attributes = {
				LastUpgradeCheck = 0600;
				ORGANIZATIONNAME = "Daniel Love";
				TargetAttributes = {
					42B9599619450052005E11F1 = {
						CreatedOnToolsVersion = 6.0;
						DevelopmentTeam = N78TT7KDX5;
					};
					42B959AB19450052005E11F1 = {
						CreatedOnToolsVersion = 6.0;
						TestTargetID = 42B9599619450052005E11F1;
					};
				};
			};
			buildConfigurationList = 42B9599219450052005E11F1 /* Build configuration list for PBXProject "Springclean" */;
			compatibilityVersion = "Xcode 3.2";
			developmentRegion = English;
			hasScannedForEncodings = 0;
			knownRegions = (
				en,
				Base,
			);
			mainGroup = 42B9598E19450052005E11F1;
			productRefGroup = 42B9599819450052005E11F1 /* Products */;
			projectDirPath = "";
			projectReferences = (
				{
					ProductGroup = 421BDC7A194EFA37001D0F45 /* Products */;
					ProjectRef = 421BDC79194EFA37001D0F45 /* iMobileDevice.xcodeproj */;
				},
			);
			projectRoot = "";
			targets = (
				42B9599619450052005E11F1 /* Springclean */,
				42B959AB19450052005E11F1 /* SpringcleanTests */,
			);
		};
/* End PBXProject section */

/* Begin PBXReferenceProxy section */
		421BDC7F194EFA38001D0F45 /* iMobileDevice.framework */ = {
			isa = PBXReferenceProxy;
			fileType = wrapper.framework;
			path = iMobileDevice.framework;
			remoteRef = 421BDC7E194EFA38001D0F45 /* PBXContainerItemProxy */;
			sourceTree = BUILT_PRODUCTS_DIR;
		};
		421BDC81194EFA38001D0F45 /* iMobileTestApp.app */ = {
			isa = PBXReferenceProxy;
			fileType = wrapper.application;
			path = iMobileTestApp.app;
			remoteRef = 421BDC80194EFA38001D0F45 /* PBXContainerItemProxy */;
			sourceTree = BUILT_PRODUCTS_DIR;
		};
/* End PBXReferenceProxy section */

/* Begin PBXResourcesBuildPhase section */
		42B9599519450052005E11F1 /* Resources */ = {
			isa = PBXResourcesBuildPhase;
			buildActionMask = 2147483647;
			files = (
				42D18D49194B417D008BFFAD /* VLNDeviceSelectionView.xib in Resources */,
				42B959A419450052005E11F1 /* Images.xcassets in Resources */,
				42B959A719450052005E11F1 /* MainMenu.xib in Resources */,
				42D18D47194B417D008BFFAD /* VLNConnectView.xib in Resources */,
			);
			runOnlyForDeploymentPostprocessing = 0;
		};
		42B959AA19450052005E11F1 /* Resources */ = {
			isa = PBXResourcesBuildPhase;
			buildActionMask = 2147483647;
			files = (
			);
			runOnlyForDeploymentPostprocessing = 0;
		};
/* End PBXResourcesBuildPhase section */

/* Begin PBXSourcesBuildPhase section */
		42B9599319450052005E11F1 /* Sources */ = {
			isa = PBXSourcesBuildPhase;
			buildActionMask = 2147483647;
			files = (
				42D18D48194B417D008BFFAD /* VLNDeviceSelectionView.swift in Sources */,
				42AD070F19461AD900CE37D4 /* MainWindow.swift in Sources */,
				42B9599F19450052005E11F1 /* AppDelegate.swift in Sources */,
				42D18D44194B417D008BFFAD /* VLNDevice.swift in Sources */,
				42B9599D19450052005E11F1 /* main.swift in Sources */,
				42D18D46194B417D008BFFAD /* VLNConnectView.swift in Sources */,
				42D18D4A194B417D008BFFAD /* VLNSpringboardContainer.swift in Sources */,
				42ADB6DB194B84F900FEB686 /* VLNMobileDeviceConnector.swift in Sources */,
				42ADB6DD194B91DB00FEB686 /* VLNMobileDeviceSimulator.swift in Sources */,
				42D18D50194B4EBB008BFFAD /* VLNDeviceManager.swift in Sources */,
				42B959A219450052005E11F1 /* Springclean.xcdatamodeld in Sources */,
				42CE0A21194BAE4600951DD9 /* VLNCocoaMobileDeviceExtensions.swift in Sources */,
			);
			runOnlyForDeploymentPostprocessing = 0;
		};
		42B959A819450052005E11F1 /* Sources */ = {
			isa = PBXSourcesBuildPhase;
			buildActionMask = 2147483647;
			files = (
				425CC986194BBBB2007D175B /* VLNMobileDeviceConnector.swift in Sources */,
				42ADB6E1194B946600FEB686 /* VLNMobileDeviceSimulator.swift in Sources */,
				42D18D52194B4F3C008BFFAD /* VLNDeviceManagerTests.swift in Sources */,
				42D18D4C194B46FB008BFFAD /* VLNDeviceTests.swift in Sources */,
				42ADB6E3194B986E00FEB686 /* VLNMobileDeviceSimulatorTests.swift in Sources */,
				425CC985194BBB99007D175B /* VLNMobileDeviceConnectorTests.swift in Sources */,
				42B959B319450052005E11F1 /* SpringcleanTests.swift in Sources */,
				42D18D4D194B473E008BFFAD /* VLNDevice.swift in Sources */,
				42D18D55194B585D008BFFAD /* VLNDeviceManager.swift in Sources */,
			);
			runOnlyForDeploymentPostprocessing = 0;
		};
/* End PBXSourcesBuildPhase section */

/* Begin PBXTargetDependency section */
		421BDC83194EFA87001D0F45 /* PBXTargetDependency */ = {
			isa = PBXTargetDependency;
			name = iMobileDevice;
			targetProxy = 421BDC82194EFA87001D0F45 /* PBXContainerItemProxy */;
		};
		42B959AE19450052005E11F1 /* PBXTargetDependency */ = {
			isa = PBXTargetDependency;
			target = 42B9599619450052005E11F1 /* Springclean */;
			targetProxy = 42B959AD19450052005E11F1 /* PBXContainerItemProxy */;
		};
/* End PBXTargetDependency section */

/* Begin PBXVariantGroup section */
		42B959A519450052005E11F1 /* MainMenu.xib */ = {
			isa = PBXVariantGroup;
			children = (
				42B959A619450052005E11F1 /* Base */,
			);
			name = MainMenu.xib;
			sourceTree = "<group>";
		};
/* End PBXVariantGroup section */

/* Begin XCBuildConfiguration section */
		42B959B419450052005E11F1 /* Debug */ = {
			isa = XCBuildConfiguration;
			buildSettings = {
				ALWAYS_SEARCH_USER_PATHS = NO;
				CLANG_CXX_LANGUAGE_STANDARD = "gnu++0x";
				CLANG_CXX_LIBRARY = "libc++";
				CLANG_ENABLE_MODULES = YES;
				CLANG_ENABLE_OBJC_ARC = YES;
				CLANG_WARN_BOOL_CONVERSION = YES;
				CLANG_WARN_CONSTANT_CONVERSION = YES;
				CLANG_WARN_DIRECT_OBJC_ISA_USAGE = YES_ERROR;
				CLANG_WARN_EMPTY_BODY = YES;
				CLANG_WARN_ENUM_CONVERSION = YES;
				CLANG_WARN_INT_CONVERSION = YES;
				CLANG_WARN_OBJC_ROOT_CLASS = YES_ERROR;
				CLANG_WARN_UNREACHABLE_CODE = YES;
				CLANG_WARN__DUPLICATE_METHOD_MATCH = YES;
				CODE_SIGN_IDENTITY = "-";
				COPY_PHASE_STRIP = NO;
				ENABLE_STRICT_OBJC_MSGSEND = YES;
				GCC_C_LANGUAGE_STANDARD = gnu99;
				GCC_DYNAMIC_NO_PIC = NO;
				GCC_OPTIMIZATION_LEVEL = 0;
				GCC_PREPROCESSOR_DEFINITIONS = (
					"DEBUG=1",
					"$(inherited)",
				);
				GCC_SYMBOLS_PRIVATE_EXTERN = NO;
				GCC_WARN_64_TO_32_BIT_CONVERSION = YES;
				GCC_WARN_ABOUT_RETURN_TYPE = YES_ERROR;
				GCC_WARN_UNDECLARED_SELECTOR = YES;
				GCC_WARN_UNINITIALIZED_AUTOS = YES_AGGRESSIVE;
				GCC_WARN_UNUSED_FUNCTION = YES;
				GCC_WARN_UNUSED_VARIABLE = YES;
				MACOSX_DEPLOYMENT_TARGET = 10.10;
				METAL_ENABLE_DEBUG_INFO = YES;
				ONLY_ACTIVE_ARCH = YES;
				SDKROOT = macosx;
				SWIFT_OPTIMIZATION_LEVEL = "-Onone";
			};
			name = Debug;
		};
		42B959B519450052005E11F1 /* Release */ = {
			isa = XCBuildConfiguration;
			buildSettings = {
				ALWAYS_SEARCH_USER_PATHS = NO;
				CLANG_CXX_LANGUAGE_STANDARD = "gnu++0x";
				CLANG_CXX_LIBRARY = "libc++";
				CLANG_ENABLE_MODULES = YES;
				CLANG_ENABLE_OBJC_ARC = YES;
				CLANG_WARN_BOOL_CONVERSION = YES;
				CLANG_WARN_CONSTANT_CONVERSION = YES;
				CLANG_WARN_DIRECT_OBJC_ISA_USAGE = YES_ERROR;
				CLANG_WARN_EMPTY_BODY = YES;
				CLANG_WARN_ENUM_CONVERSION = YES;
				CLANG_WARN_INT_CONVERSION = YES;
				CLANG_WARN_OBJC_ROOT_CLASS = YES_ERROR;
				CLANG_WARN_UNREACHABLE_CODE = YES;
				CLANG_WARN__DUPLICATE_METHOD_MATCH = YES;
				CODE_SIGN_IDENTITY = "-";
				COPY_PHASE_STRIP = YES;
				DEBUG_INFORMATION_FORMAT = "dwarf-with-dsym";
				ENABLE_NS_ASSERTIONS = NO;
				ENABLE_STRICT_OBJC_MSGSEND = YES;
				GCC_C_LANGUAGE_STANDARD = gnu99;
				GCC_WARN_64_TO_32_BIT_CONVERSION = YES;
				GCC_WARN_ABOUT_RETURN_TYPE = YES_ERROR;
				GCC_WARN_UNDECLARED_SELECTOR = YES;
				GCC_WARN_UNINITIALIZED_AUTOS = YES_AGGRESSIVE;
				GCC_WARN_UNUSED_FUNCTION = YES;
				GCC_WARN_UNUSED_VARIABLE = YES;
				MACOSX_DEPLOYMENT_TARGET = 10.10;
				METAL_ENABLE_DEBUG_INFO = NO;
				SDKROOT = macosx;
			};
			name = Release;
		};
		42B959B719450052005E11F1 /* Debug */ = {
			isa = XCBuildConfiguration;
			buildSettings = {
				ASSETCATALOG_COMPILER_APPICON_NAME = AppIcon;
				CLANG_ENABLE_MODULES = YES;
				CODE_SIGN_IDENTITY = "";
				COMBINE_HIDPI_IMAGES = YES;
				DEFINES_MODULE = YES;
				FRAMEWORK_SEARCH_PATHS = (
					"$(inherited)",
					"$(PROJECT_DIR)/Springclean/External",
				);
				GCC_TREAT_WARNINGS_AS_ERRORS = YES;
				GCC_WARN_ABOUT_MISSING_NEWLINE = YES;
				INFOPLIST_FILE = Springclean/Info.plist;
				LD_RUNPATH_SEARCH_PATHS = "$(inherited) @executable_path/../Frameworks";
				PRODUCT_NAME = "$(TARGET_NAME)";
				RUN_CLANG_STATIC_ANALYZER = YES;
				SWIFT_OBJC_BRIDGING_HEADER = "Springclean/Springclean-Bridging-Header.h";
				SWIFT_OPTIMIZATION_LEVEL = "-Onone";
			};
			name = Debug;
		};
		42B959B819450052005E11F1 /* Release */ = {
			isa = XCBuildConfiguration;
			buildSettings = {
				ASSETCATALOG_COMPILER_APPICON_NAME = AppIcon;
				CLANG_ENABLE_MODULES = YES;
				CODE_SIGN_IDENTITY = "";
				COMBINE_HIDPI_IMAGES = YES;
				DEFINES_MODULE = YES;
				FRAMEWORK_SEARCH_PATHS = (
					"$(inherited)",
					"$(PROJECT_DIR)/Springclean/External",
				);
				GCC_TREAT_WARNINGS_AS_ERRORS = YES;
				GCC_WARN_ABOUT_MISSING_NEWLINE = YES;
				INFOPLIST_FILE = Springclean/Info.plist;
				LD_RUNPATH_SEARCH_PATHS = "$(inherited) @executable_path/../Frameworks";
				PRODUCT_NAME = "$(TARGET_NAME)";
				RUN_CLANG_STATIC_ANALYZER = YES;
				SWIFT_OBJC_BRIDGING_HEADER = "Springclean/Springclean-Bridging-Header.h";
			};
			name = Release;
		};
		42B959BA19450052005E11F1 /* Debug */ = {
			isa = XCBuildConfiguration;
			buildSettings = {
				BUNDLE_LOADER = "$(BUILT_PRODUCTS_DIR)/Springclean.app/Contents/MacOS/Springclean";
				COMBINE_HIDPI_IMAGES = YES;
				FRAMEWORK_SEARCH_PATHS = (
					"$(DEVELOPER_FRAMEWORKS_DIR)",
					"$(inherited)",
				);
				GCC_PREPROCESSOR_DEFINITIONS = (
					"DEBUG=1",
					"$(inherited)",
				);
				INFOPLIST_FILE = SpringcleanTests/Info.plist;
				LD_RUNPATH_SEARCH_PATHS = "$(inherited) @executable_path/../Frameworks @loader_path/../Frameworks";
				METAL_ENABLE_DEBUG_INFO = YES;
				PRODUCT_NAME = "$(TARGET_NAME)";
				TEST_HOST = "$(BUNDLE_LOADER)";
			};
			name = Debug;
		};
		42B959BB19450052005E11F1 /* Release */ = {
			isa = XCBuildConfiguration;
			buildSettings = {
				BUNDLE_LOADER = "$(BUILT_PRODUCTS_DIR)/Springclean.app/Contents/MacOS/Springclean";
				COMBINE_HIDPI_IMAGES = YES;
				FRAMEWORK_SEARCH_PATHS = (
					"$(DEVELOPER_FRAMEWORKS_DIR)",
					"$(inherited)",
				);
				INFOPLIST_FILE = SpringcleanTests/Info.plist;
				LD_RUNPATH_SEARCH_PATHS = "$(inherited) @executable_path/../Frameworks @loader_path/../Frameworks";
				METAL_ENABLE_DEBUG_INFO = NO;
				PRODUCT_NAME = "$(TARGET_NAME)";
				TEST_HOST = "$(BUNDLE_LOADER)";
			};
			name = Release;
		};
/* End XCBuildConfiguration section */

/* Begin XCConfigurationList section */
		42B9599219450052005E11F1 /* Build configuration list for PBXProject "Springclean" */ = {
			isa = XCConfigurationList;
			buildConfigurations = (
				42B959B419450052005E11F1 /* Debug */,
				42B959B519450052005E11F1 /* Release */,
			);
			defaultConfigurationIsVisible = 0;
			defaultConfigurationName = Release;
		};
		42B959B619450052005E11F1 /* Build configuration list for PBXNativeTarget "Springclean" */ = {
			isa = XCConfigurationList;
			buildConfigurations = (
				42B959B719450052005E11F1 /* Debug */,
				42B959B819450052005E11F1 /* Release */,
			);
			defaultConfigurationIsVisible = 0;
			defaultConfigurationName = Release;
		};
		42B959B919450052005E11F1 /* Build configuration list for PBXNativeTarget "SpringcleanTests" */ = {
			isa = XCConfigurationList;
			buildConfigurations = (
				42B959BA19450052005E11F1 /* Debug */,
				42B959BB19450052005E11F1 /* Release */,
			);
			defaultConfigurationIsVisible = 0;
			defaultConfigurationName = Release;
		};
/* End XCConfigurationList section */

/* Begin XCVersionGroup section */
		42B959A019450052005E11F1 /* Springclean.xcdatamodeld */ = {
			isa = XCVersionGroup;
			children = (
				42B959A119450052005E11F1 /* Springclean.xcdatamodel */,
			);
			currentVersion = 42B959A119450052005E11F1 /* Springclean.xcdatamodel */;
			path = Springclean.xcdatamodeld;
			sourceTree = "<group>";
			versionGroupType = wrapper.xcdatamodel;
		};
/* End XCVersionGroup section */
	};
	rootObject = 42B9598F19450052005E11F1 /* Project object */;
}
